
Microsoft Visual Studio Solution File, Format Version 12.00
# Visual Studio 15
VisualStudioVersion = 15.0.27130.2010
MinimumVisualStudioVersion = 10.0.40219.1
Project("{9A19103F-16F7-4668-BE54-9A1E7A4F7556}") = "ReStructuredText", "ReStructuredText\ReStructuredText.csproj", "{A7E5AD0B-65F6-4C42-AF05-B243FF5C4876}"
EndProject
Project("{9A19103F-16F7-4668-BE54-9A1E7A4F7556}") = "Tests", "Tests\Tests.csproj", "{5803E8F5-273D-4960-B8C9-2F71E8C344E3}"
EndProject
Project("{9A19103F-16F7-4668-BE54-9A1E7A4F7556}") = "Server", "Server\Server.csproj", "{306136BD-480E-4E86-85E9-CF88542A55C5}"
EndProject
Global
	GlobalSection(SolutionConfigurationPlatforms) = preSolution
		Debug|Any CPU = Debug|Any CPU
		Release|Any CPU = Release|Any CPU
	EndGlobalSection
	GlobalSection(ProjectConfigurationPlatforms) = postSolution
		{A7E5AD0B-65F6-4C42-AF05-B243FF5C4876}.Debug|Any CPU.ActiveCfg = Debug|Any CPU
		{A7E5AD0B-65F6-4C42-AF05-B243FF5C4876}.Debug|Any CPU.Build.0 = Debug|Any CPU
		{A7E5AD0B-65F6-4C42-AF05-B243FF5C4876}.Release|Any CPU.ActiveCfg = Release|Any CPU
		{A7E5AD0B-65F6-4C42-AF05-B243FF5C4876}.Release|Any CPU.Build.0 = Release|Any CPU
		{5803E8F5-273D-4960-B8C9-2F71E8C344E3}.Debug|Any CPU.ActiveCfg = Debug|Any CPU
		{5803E8F5-273D-4960-B8C9-2F71E8C344E3}.Debug|Any CPU.Build.0 = Debug|Any CPU
		{5803E8F5-273D-4960-B8C9-2F71E8C344E3}.Release|Any CPU.ActiveCfg = Release|Any CPU
		{5803E8F5-273D-4960-B8C9-2F71E8C344E3}.Release|Any CPU.Build.0 = Release|Any CPU
		{306136BD-480E-4E86-85E9-CF88542A55C5}.Debug|Any CPU.ActiveCfg = Debug|Any CPU
		{306136BD-480E-4E86-85E9-CF88542A55C5}.Debug|Any CPU.Build.0 = Debug|Any CPU
		{306136BD-480E-4E86-85E9-CF88542A55C5}.Release|Any CPU.ActiveCfg = Release|Any CPU
		{306136BD-480E-4E86-85E9-CF88542A55C5}.Release|Any CPU.Build.0 = Release|Any CPU
	EndGlobalSection
	GlobalSection(SolutionProperties) = preSolution
		HideSolutionNode = FALSE
	EndGlobalSection
	GlobalSection(ExtensibilityGlobals) = postSolution
		SolutionGuid = {842C2225-C065-48A2-B3E1-A904CFADAFFF}
	EndGlobalSection
EndGlobal
